
Microsoft Visual Studio Solution File, Format Version 12.00
# Visual Studio Version 17
VisualStudioVersion = 17.6.33723.286
MinimumVisualStudioVersion = 10.0.40219.1
Project("{FAE04EC0-301F-11D3-BF4B-00C04F79EFBC}") = "Eduard", "Eduard\Eduard.csproj", "{218CA444-6014-470F-B8FC-ECD5CE5AA3B8}"
EndProject
Global
	GlobalSection(SolutionConfigurationPlatforms) = preSolution
		Debug|Any CPU = Debug|Any CPU
		Release|Any CPU = Release|Any CPU
	EndGlobalSection
	GlobalSection(ProjectConfigurationPlatforms) = postSolution
		{218CA444-6014-470F-B8FC-ECD5CE5AA3B8}.Debug|Any CPU.ActiveCfg = Debug|Any CPU
		{218CA444-6014-470F-B8FC-ECD5CE5AA3B8}.Debug|Any CPU.Build.0 = Debug|Any CPU
		{218CA444-6014-470F-B8FC-ECD5CE5AA3B8}.Release|Any CPU.ActiveCfg = Release|Any CPU
		{218CA444-6014-470F-B8FC-ECD5CE5AA3B8}.Release|Any CPU.Build.0 = Release|Any CPU
	EndGlobalSection
	GlobalSection(SolutionProperties) = preSolution
		HideSolutionNode = FALSE
	EndGlobalSection
	GlobalSection(ExtensibilityGlobals) = postSolution
		SolutionGuid = {8508161A-7629-490E-8AF5-CFEF3788CA63}
	EndGlobalSection
EndGlobal
